
Microsoft Visual Studio Solution File, Format Version 12.00
# Visual Studio 2013
VisualStudioVersion = 12.0.31101.0
MinimumVisualStudioVersion = 10.0.40219.1
Project("{FAE04EC0-301F-11D3-BF4B-00C04F79EFBC}") = "XPlaneGen", "XPlaneGenConsole\XPlaneGen.csproj", "{7EF97CE7-DC97-4839-88A6-D4475F451B15}"
EndProject
Project("{FAE04EC0-301F-11D3-BF4B-00C04F79EFBC}") = "XPlaneQuery", "XPlaneQuery\XPlaneQuery.csproj", "{81F0782D-80DC-4786-9300-5868369EE8BB}"
EndProject
Project("{FAE04EC0-301F-11D3-BF4B-00C04F79EFBC}") = "XPlaneService", "XPlaneService\XPlaneService.csproj", "{B99F625B-CEAF-4524-B288-6A04F12FD6AE}"
EndProject
Project("{FAE04EC0-301F-11D3-BF4B-00C04F79EFBC}") = "XPlaneTest", "XPlaneTest\XPlaneTest.csproj", "{C570F3DB-162A-4EE7-9FD8-89DACB5615E1}"
EndProject
Project("{FAE04EC0-301F-11D3-BF4B-00C04F79EFBC}") = "Builder", "builder\Builder.csproj", "{E6546B09-9C50-452D-AAAE-28D15B555DA0}"
EndProject
Global
	GlobalSection(SolutionConfigurationPlatforms) = preSolution
		Debug|Any CPU = Debug|Any CPU
		Release|Any CPU = Release|Any CPU
	EndGlobalSection
	GlobalSection(ProjectConfigurationPlatforms) = postSolution
		{7EF97CE7-DC97-4839-88A6-D4475F451B15}.Debug|Any CPU.ActiveCfg = Debug|Any CPU
		{7EF97CE7-DC97-4839-88A6-D4475F451B15}.Debug|Any CPU.Build.0 = Debug|Any CPU
		{7EF97CE7-DC97-4839-88A6-D4475F451B15}.Release|Any CPU.ActiveCfg = Release|Any CPU
		{7EF97CE7-DC97-4839-88A6-D4475F451B15}.Release|Any CPU.Build.0 = Release|Any CPU
		{81F0782D-80DC-4786-9300-5868369EE8BB}.Debug|Any CPU.ActiveCfg = Debug|Any CPU
		{81F0782D-80DC-4786-9300-5868369EE8BB}.Debug|Any CPU.Build.0 = Debug|Any CPU
		{81F0782D-80DC-4786-9300-5868369EE8BB}.Release|Any CPU.ActiveCfg = Release|Any CPU
		{81F0782D-80DC-4786-9300-5868369EE8BB}.Release|Any CPU.Build.0 = Release|Any CPU
		{B99F625B-CEAF-4524-B288-6A04F12FD6AE}.Debug|Any CPU.ActiveCfg = Debug|Any CPU
		{B99F625B-CEAF-4524-B288-6A04F12FD6AE}.Debug|Any CPU.Build.0 = Debug|Any CPU
		{B99F625B-CEAF-4524-B288-6A04F12FD6AE}.Release|Any CPU.ActiveCfg = Release|Any CPU
		{B99F625B-CEAF-4524-B288-6A04F12FD6AE}.Release|Any CPU.Build.0 = Release|Any CPU
		{C570F3DB-162A-4EE7-9FD8-89DACB5615E1}.Debug|Any CPU.ActiveCfg = Debug|Any CPU
		{C570F3DB-162A-4EE7-9FD8-89DACB5615E1}.Debug|Any CPU.Build.0 = Debug|Any CPU
		{C570F3DB-162A-4EE7-9FD8-89DACB5615E1}.Release|Any CPU.ActiveCfg = Release|Any CPU
		{C570F3DB-162A-4EE7-9FD8-89DACB5615E1}.Release|Any CPU.Build.0 = Release|Any CPU
		{E6546B09-9C50-452D-AAAE-28D15B555DA0}.Debug|Any CPU.ActiveCfg = Debug|Any CPU
		{E6546B09-9C50-452D-AAAE-28D15B555DA0}.Debug|Any CPU.Build.0 = Debug|Any CPU
		{E6546B09-9C50-452D-AAAE-28D15B555DA0}.Release|Any CPU.ActiveCfg = Release|Any CPU
		{E6546B09-9C50-452D-AAAE-28D15B555DA0}.Release|Any CPU.Build.0 = Release|Any CPU
	EndGlobalSection
	GlobalSection(SolutionProperties) = preSolution
		HideSolutionNode = FALSE
	EndGlobalSection
EndGlobal
